
Microsoft Visual Studio Solution File, Format Version 12.00
# Visual Studio Version 17
VisualStudioVersion = 17.13.35818.85 d17.13
MinimumVisualStudioVersion = 10.0.40219.1
Project("{FAE04EC0-301F-11D3-BF4B-00C04F79EFBC}") = "zadacha12", "zadacha12.csproj", "{D5FA0759-E971-4B67-94C8-0B30FADE03B1}"
EndProject
Global
	GlobalSection(SolutionConfigurationPlatforms) = preSolution
		Debug|Any CPU = Debug|Any CPU
		Release|Any CPU = Release|Any CPU
	EndGlobalSection
	GlobalSection(ProjectConfigurationPlatforms) = postSolution
		{D5FA0759-E971-4B67-94C8-0B30FADE03B1}.Debug|Any CPU.ActiveCfg = Debug|Any CPU
		{D5FA0759-E971-4B67-94C8-0B30FADE03B1}.Debug|Any CPU.Build.0 = Debug|Any CPU
		{D5FA0759-E971-4B67-94C8-0B30FADE03B1}.Release|Any CPU.ActiveCfg = Release|Any CPU
		{D5FA0759-E971-4B67-94C8-0B30FADE03B1}.Release|Any CPU.Build.0 = Release|Any CPU
	EndGlobalSection
	GlobalSection(SolutionProperties) = preSolution
		HideSolutionNode = FALSE
	EndGlobalSection
	GlobalSection(ExtensibilityGlobals) = postSolution
		SolutionGuid = {2AEC64EB-8371-45B9-A2B2-7F14B510D566}
	EndGlobalSection
EndGlobal
